
Microsoft Visual Studio Solution File, Format Version 12.00
# Visual Studio Version 16
VisualStudioVersion = 16.0.29920.165
MinimumVisualStudioVersion = 10.0.40219.1
Project("{FAE04EC0-301F-11D3-BF4B-00C04F79EFBC}") = "p4lab8", "p4lab8\p4lab8.csproj", "{D95A33D1-7B36-4469-A204-51C75BA2838B}"
EndProject
Global
	GlobalSection(SolutionConfigurationPlatforms) = preSolution
		Debug|Any CPU = Debug|Any CPU
		Release|Any CPU = Release|Any CPU
	EndGlobalSection
	GlobalSection(ProjectConfigurationPlatforms) = postSolution
		{D95A33D1-7B36-4469-A204-51C75BA2838B}.Debug|Any CPU.ActiveCfg = Debug|Any CPU
		{D95A33D1-7B36-4469-A204-51C75BA2838B}.Debug|Any CPU.Build.0 = Debug|Any CPU
		{D95A33D1-7B36-4469-A204-51C75BA2838B}.Release|Any CPU.ActiveCfg = Release|Any CPU
		{D95A33D1-7B36-4469-A204-51C75BA2838B}.Release|Any CPU.Build.0 = Release|Any CPU
	EndGlobalSection
	GlobalSection(SolutionProperties) = preSolution
		HideSolutionNode = FALSE
	EndGlobalSection
	GlobalSection(ExtensibilityGlobals) = postSolution
		SolutionGuid = {AC4D48B1-768F-41A6-9388-AC6DF9A2AACB}
	EndGlobalSection
EndGlobal
